// !$*UTF8*$!
{
	archiveVersion = 1;
	classes = {
	};
	objectVersion = 46;
	objects = {

/* Begin PBXBuildFile section */
		9ED534781990AB9000FE7BBC /* Foundation.framework in Frameworks */ = {isa = PBXBuildFile; fileRef = 9ED534771990AB9000FE7BBC /* Foundation.framework */; };
		9ED5347A1990AB9000FE7BBC /* CoreGraphics.framework in Frameworks */ = {isa = PBXBuildFile; fileRef = 9ED534791990AB9000FE7BBC /* CoreGraphics.framework */; };
		9ED5347C1990AB9000FE7BBC /* UIKit.framework in Frameworks */ = {isa = PBXBuildFile; fileRef = 9ED5347B1990AB9000FE7BBC /* UIKit.framework */; };
		9ED534821990AB9000FE7BBC /* InfoPlist.strings in Resources */ = {isa = PBXBuildFile; fileRef = 9ED534801990AB9000FE7BBC /* InfoPlist.strings */; };
		9ED534841990AB9000FE7BBC /* main.m in Sources */ = {isa = PBXBuildFile; fileRef = 9ED534831990AB9000FE7BBC /* main.m */; };
		9ED534881990AB9000FE7BBC /* AppDelegate.m in Sources */ = {isa = PBXBuildFile; fileRef = 9ED534871990AB9000FE7BBC /* AppDelegate.m */; };
		9ED5348A1990AB9000FE7BBC /* Images.xcassets in Resources */ = {isa = PBXBuildFile; fileRef = 9ED534891990AB9000FE7BBC /* Images.xcassets */; };
		9ED534911990AB9000FE7BBC /* XCTest.framework in Frameworks */ = {isa = PBXBuildFile; fileRef = 9ED534901990AB9000FE7BBC /* XCTest.framework */; };
		9ED534921990AB9000FE7BBC /* Foundation.framework in Frameworks */ = {isa = PBXBuildFile; fileRef = 9ED534771990AB9000FE7BBC /* Foundation.framework */; };
		9ED534931990AB9000FE7BBC /* UIKit.framework in Frameworks */ = {isa = PBXBuildFile; fileRef = 9ED5347B1990AB9000FE7BBC /* UIKit.framework */; };
		9ED5349B1990AB9000FE7BBC /* InfoPlist.strings in Resources */ = {isa = PBXBuildFile; fileRef = 9ED534991990AB9000FE7BBC /* InfoPlist.strings */; };
		9ED5349D1990AB9000FE7BBC /* anchexinTests.m in Sources */ = {isa = PBXBuildFile; fileRef = 9ED5349C1990AB9000FE7BBC /* anchexinTests.m */; };
/* End PBXBuildFile section */

/* Begin PBXContainerItemProxy section */
		9ED534941990AB9000FE7BBC /* PBXContainerItemProxy */ = {
			isa = PBXContainerItemProxy;
			containerPortal = 9ED5346C1990AB9000FE7BBC /* Project object */;
			proxyType = 1;
			remoteGlobalIDString = 9ED534731990AB9000FE7BBC;
			remoteInfo = anchexin;
		};
/* End PBXContainerItemProxy section */

/* Begin PBXFileReference section */
		9ED534741990AB9000FE7BBC /* anchexin.app */ = {isa = PBXFileReference; explicitFileType = wrapper.application; includeInIndex = 0; path = anchexin.app; sourceTree = BUILT_PRODUCTS_DIR; };
		9ED534771990AB9000FE7BBC /* Foundation.framework */ = {isa = PBXFileReference; lastKnownFileType = wrapper.framework; name = Foundation.framework; path = System/Library/Frameworks/Foundation.framework; sourceTree = SDKROOT; };
		9ED534791990AB9000FE7BBC /* CoreGraphics.framework */ = {isa = PBXFileReference; lastKnownFileType = wrapper.framework; name = CoreGraphics.framework; path = System/Library/Frameworks/CoreGraphics.framework; sourceTree = SDKROOT; };
		9ED5347B1990AB9000FE7BBC /* UIKit.framework */ = {isa = PBXFileReference; lastKnownFileType = wrapper.framework; name = UIKit.framework; path = System/Library/Frameworks/UIKit.framework; sourceTree = SDKROOT; };
		9ED5347F1990AB9000FE7BBC /* anchexin-Info.plist */ = {isa = PBXFileReference; lastKnownFileType = text.plist.xml; path = "anchexin-Info.plist"; sourceTree = "<group>"; };
		9ED534811990AB9000FE7BBC /* en */ = {isa = PBXFileReference; lastKnownFileType = text.plist.strings; name = en; path = en.lproj/InfoPlist.strings; sourceTree = "<group>"; };
		9ED534831990AB9000FE7BBC /* main.m */ = {isa = PBXFileReference; lastKnownFileType = sourcecode.c.objc; path = main.m; sourceTree = "<group>"; };
		9ED534851990AB9000FE7BBC /* anchexin-Prefix.pch */ = {isa = PBXFileReference; lastKnownFileType = sourcecode.c.h; path = "anchexin-Prefix.pch"; sourceTree = "<group>"; };
		9ED534861990AB9000FE7BBC /* AppDelegate.h */ = {isa = PBXFileReference; lastKnownFileType = sourcecode.c.h; path = AppDelegate.h; sourceTree = "<group>"; };
		9ED534871990AB9000FE7BBC /* AppDelegate.m */ = {isa = PBXFileReference; lastKnownFileType = sourcecode.c.objc; path = AppDelegate.m; sourceTree = "<group>"; };
		9ED534891990AB9000FE7BBC /* Images.xcassets */ = {isa = PBXFileReference; lastKnownFileType = folder.assetcatalog; path = Images.xcassets; sourceTree = "<group>"; };
		9ED5348F1990AB9000FE7BBC /* anchexinTests.xctest */ = {isa = PBXFileReference; explicitFileType = wrapper.cfbundle; includeInIndex = 0; path = anchexinTests.xctest; sourceTree = BUILT_PRODUCTS_DIR; };
		9ED534901990AB9000FE7BBC /* XCTest.framework */ = {isa = PBXFileReference; lastKnownFileType = wrapper.framework; name = XCTest.framework; path = Library/Frameworks/XCTest.framework; sourceTree = DEVELOPER_DIR; };
		9ED534981990AB9000FE7BBC /* anchexinTests-Info.plist */ = {isa = PBXFileReference; lastKnownFileType = text.plist.xml; path = "anchexinTests-Info.plist"; sourceTree = "<group>"; };
		9ED5349A1990AB9000FE7BBC /* en */ = {isa = PBXFileReference; lastKnownFileType = text.plist.strings; name = en; path = en.lproj/InfoPlist.strings; sourceTree = "<group>"; };
		9ED5349C1990AB9000FE7BBC /* anchexinTests.m */ = {isa = PBXFileReference; lastKnownFileType = sourcecode.c.objc; path = anchexinTests.m; sourceTree = "<group>"; };
/* End PBXFileReference section */

/* Begin PBXFrameworksBuildPhase section */
		9ED534711990AB9000FE7BBC /* Frameworks */ = {
			isa = PBXFrameworksBuildPhase;
			buildActionMask = 2147483647;
			files = (
				9ED5347A1990AB9000FE7BBC /* CoreGraphics.framework in Frameworks */,
				9ED5347C1990AB9000FE7BBC /* UIKit.framework in Frameworks */,
				9ED534781990AB9000FE7BBC /* Foundation.framework in Frameworks */,
			);
			runOnlyForDeploymentPostprocessing = 0;
		};
		9ED5348C1990AB9000FE7BBC /* Frameworks */ = {
			isa = PBXFrameworksBuildPhase;
			buildActionMask = 2147483647;
			files = (
				9ED534911990AB9000FE7BBC /* XCTest.framework in Frameworks */,
				9ED534931990AB9000FE7BBC /* UIKit.framework in Frameworks */,
				9ED534921990AB9000FE7BBC /* Foundation.framework in Frameworks */,
			);
			runOnlyForDeploymentPostprocessing = 0;
		};
/* End PBXFrameworksBuildPhase section */

/* Begin PBXGroup section */
		9ED5346B1990AB9000FE7BBC = {
			isa = PBXGroup;
			children = (
				9ED5347D1990AB9000FE7BBC /* anchexin */,
				9ED534961990AB9000FE7BBC /* anchexinTests */,
				9ED534761990AB9000FE7BBC /* Frameworks */,
				9ED534751990AB9000FE7BBC /* Products */,
			);
			sourceTree = "<group>";
		};
		9ED534751990AB9000FE7BBC /* Products */ = {
			isa = PBXGroup;
			children = (
				9ED534741990AB9000FE7BBC /* anchexin.app */,
				9ED5348F1990AB9000FE7BBC /* anchexinTests.xctest */,
			);
			name = Products;
			sourceTree = "<group>";
		};
		9ED534761990AB9000FE7BBC /* Frameworks */ = {
			isa = PBXGroup;
			children = (
				9ED534771990AB9000FE7BBC /* Foundation.framework */,
				9ED534791990AB9000FE7BBC /* CoreGraphics.framework */,
				9ED5347B1990AB9000FE7BBC /* UIKit.framework */,
				9ED534901990AB9000FE7BBC /* XCTest.framework */,
			);
			name = Frameworks;
			sourceTree = "<group>";
		};
		9ED5347D1990AB9000FE7BBC /* anchexin */ = {
			isa = PBXGroup;
			children = (
				9ED534861990AB9000FE7BBC /* AppDelegate.h */,
				9ED534871990AB9000FE7BBC /* AppDelegate.m */,
				9ED534891990AB9000FE7BBC /* Images.xcassets */,
				9ED5347E1990AB9000FE7BBC /* Supporting Files */,
			);
			path = anchexin;
			sourceTree = "<group>";
		};
		9ED5347E1990AB9000FE7BBC /* Supporting Files */ = {
			isa = PBXGroup;
			children = (
				9ED5347F1990AB9000FE7BBC /* anchexin-Info.plist */,
				9ED534801990AB9000FE7BBC /* InfoPlist.strings */,
				9ED534831990AB9000FE7BBC /* main.m */,
				9ED534851990AB9000FE7BBC /* anchexin-Prefix.pch */,
			);
			name = "Supporting Files";
			sourceTree = "<group>";
		};
		9ED534961990AB9000FE7BBC /* anchexinTests */ = {
			isa = PBXGroup;
			children = (
				9ED5349C1990AB9000FE7BBC /* anchexinTests.m */,
				9ED534971990AB9000FE7BBC /* Supporting Files */,
			);
			path = anchexinTests;
			sourceTree = "<group>";
		};
		9ED534971990AB9000FE7BBC /* Supporting Files */ = {
			isa = PBXGroup;
			children = (
				9ED534981990AB9000FE7BBC /* anchexinTests-Info.plist */,
				9ED534991990AB9000FE7BBC /* InfoPlist.strings */,
			);
			name = "Supporting Files";
			sourceTree = "<group>";
		};
/* End PBXGroup section */

/* Begin PBXNativeTarget section */
		9ED534731990AB9000FE7BBC /* anchexin */ = {
			isa = PBXNativeTarget;
			buildConfigurationList = 9ED534A01990AB9100FE7BBC /* Build configuration list for PBXNativeTarget "anchexin" */;
			buildPhases = (
				9ED534701990AB9000FE7BBC /* Sources */,
				9ED534711990AB9000FE7BBC /* Frameworks */,
				9ED534721990AB9000FE7BBC /* Resources */,
			);
			buildRules = (
			);
			dependencies = (
			);
			name = anchexin;
			productName = anchexin;
			productReference = 9ED534741990AB9000FE7BBC /* anchexin.app */;
			productType = "com.apple.product-type.application";
		};
		9ED5348E1990AB9000FE7BBC /* anchexinTests */ = {
			isa = PBXNativeTarget;
			buildConfigurationList = 9ED534A31990AB9100FE7BBC /* Build configuration list for PBXNativeTarget "anchexinTests" */;
			buildPhases = (
				9ED5348B1990AB9000FE7BBC /* Sources */,
				9ED5348C1990AB9000FE7BBC /* Frameworks */,
				9ED5348D1990AB9000FE7BBC /* Resources */,
			);
			buildRules = (
			);
			dependencies = (
				9ED534951990AB9000FE7BBC /* PBXTargetDependency */,
			);
			name = anchexinTests;
			productName = anchexinTests;
			productReference = 9ED5348F1990AB9000FE7BBC /* anchexinTests.xctest */;
			productType = "com.apple.product-type.bundle.unit-test";
		};
/* End PBXNativeTarget section */

/* Begin PBXProject section */
		9ED5346C1990AB9000FE7BBC /* Project object */ = {
			isa = PBXProject;
			attributes = {
				LastUpgradeCheck = 0510;
				TargetAttributes = {
					9ED5348E1990AB9000FE7BBC = {
						TestTargetID = 9ED534731990AB9000FE7BBC;
					};
				};
			};
			buildConfigurationList = 9ED5346F1990AB9000FE7BBC /* Build configuration list for PBXProject "anchexin" */;
			compatibilityVersion = "Xcode 3.2";
			developmentRegion = English;
			hasScannedForEncodings = 0;
			knownRegions = (
				en,
			);
			mainGroup = 9ED5346B1990AB9000FE7BBC;
			productRefGroup = 9ED534751990AB9000FE7BBC /* Products */;
			projectDirPath = "";
			projectRoot = "";
			targets = (
				9ED534731990AB9000FE7BBC /* anchexin */,
				9ED5348E1990AB9000FE7BBC /* anchexinTests */,
			);
		};
/* End PBXProject section */

/* Begin PBXResourcesBuildPhase section */
		9ED534721990AB9000FE7BBC /* Resources */ = {
			isa = PBXResourcesBuildPhase;
			buildActionMask = 2147483647;
			files = (
				9ED534821990AB9000FE7BBC /* InfoPlist.strings in Resources */,
				9ED5348A1990AB9000FE7BBC /* Images.xcassets in Resources */,
			);
			runOnlyForDeploymentPostprocessing = 0;
		};
		9ED5348D1990AB9000FE7BBC /* Resources */ = {
			isa = PBXResourcesBuildPhase;
			buildActionMask = 2147483647;
			files = (
				9ED5349B1990AB9000FE7BBC /* InfoPlist.strings in Resources */,
			);
			runOnlyForDeploymentPostprocessing = 0;
		};
/* End PBXResourcesBuildPhase section */

/* Begin PBXSourcesBuildPhase section */
		9ED534701990AB9000FE7BBC /* Sources */ = {
			isa = PBXSourcesBuildPhase;
			buildActionMask = 2147483647;
			files = (
				9ED534881990AB9000FE7BBC /* AppDelegate.m in Sources */,
				9ED534841990AB9000FE7BBC /* main.m in Sources */,
			);
			runOnlyForDeploymentPostprocessing = 0;
		};
		9ED5348B1990AB9000FE7BBC /* Sources */ = {
			isa = PBXSourcesBuildPhase;
			buildActionMask = 2147483647;
			files = (
				9ED5349D1990AB9000FE7BBC /* anchexinTests.m in Sources */,
			);
			runOnlyForDeploymentPostprocessing = 0;
		};
/* End PBXSourcesBuildPhase section */

/* Begin PBXTargetDependency section */
		9ED534951990AB9000FE7BBC /* PBXTargetDependency */ = {
			isa = PBXTargetDependency;
			target = 9ED534731990AB9000FE7BBC /* anchexin */;
			targetProxy = 9ED534941990AB9000FE7BBC /* PBXContainerItemProxy */;
		};
/* End PBXTargetDependency section */

/* Begin PBXVariantGroup section */
		9ED534801990AB9000FE7BBC /* InfoPlist.strings */ = {
			isa = PBXVariantGroup;
			children = (
				9ED534811990AB9000FE7BBC /* en */,
			);
			name = InfoPlist.strings;
			sourceTree = "<group>";
		};
		9ED534991990AB9000FE7BBC /* InfoPlist.strings */ = {
			isa = PBXVariantGroup;
			children = (
				9ED5349A1990AB9000FE7BBC /* en */,
			);
			name = InfoPlist.strings;
			sourceTree = "<group>";
		};
/* End PBXVariantGroup section */

/* Begin XCBuildConfiguration section */
		9ED5349E1990AB9100FE7BBC /* Debug */ = {
			isa = XCBuildConfiguration;
			buildSettings = {
				ALWAYS_SEARCH_USER_PATHS = NO;
				CLANG_CXX_LANGUAGE_STANDARD = "gnu++0x";
				CLANG_CXX_LIBRARY = "libc++";
				CLANG_ENABLE_MODULES = YES;
				CLANG_ENABLE_OBJC_ARC = YES;
				CLANG_WARN_BOOL_CONVERSION = YES;
				CLANG_WARN_CONSTANT_CONVERSION = YES;
				CLANG_WARN_DIRECT_OBJC_ISA_USAGE = YES_ERROR;
				CLANG_WARN_EMPTY_BODY = YES;
				CLANG_WARN_ENUM_CONVERSION = YES;
				CLANG_WARN_INT_CONVERSION = YES;
				CLANG_WARN_OBJC_ROOT_CLASS = YES_ERROR;
				CLANG_WARN__DUPLICATE_METHOD_MATCH = YES;
				"CODE_SIGN_IDENTITY[sdk=iphoneos*]" = "iPhone Developer";
				COPY_PHASE_STRIP = NO;
				GCC_C_LANGUAGE_STANDARD = gnu99;
				GCC_DYNAMIC_NO_PIC = NO;
				GCC_OPTIMIZATION_LEVEL = 0;
				GCC_PREPROCESSOR_DEFINITIONS = (
					"DEBUG=1",
					"$(inherited)",
				);
				GCC_SYMBOLS_PRIVATE_EXTERN = NO;
				GCC_WARN_64_TO_32_BIT_CONVERSION = YES;
				GCC_WARN_ABOUT_RETURN_TYPE = YES_ERROR;
				GCC_WARN_UNDECLARED_SELECTOR = YES;
				GCC_WARN_UNINITIALIZED_AUTOS = YES_AGGRESSIVE;
				GCC_WARN_UNUSED_FUNCTION = YES;
				GCC_WARN_UNUSED_VARIABLE = YES;
				IPHONEOS_DEPLOYMENT_TARGET = 7.1;
				ONLY_ACTIVE_ARCH = YES;
				SDKROOT = iphoneos;
			};
			name = Debug;
		};
		9ED5349F1990AB9100FE7BBC /* Release */ = {
			isa = XCBuildConfiguration;
			buildSettings = {
				ALWAYS_SEARCH_USER_PATHS = NO;
				CLANG_CXX_LANGUAGE_STANDARD = "gnu++0x";
				CLANG_CXX_LIBRARY = "libc++";
				CLANG_ENABLE_MODULES = YES;
				CLANG_ENABLE_OBJC_ARC = YES;
				CLANG_WARN_BOOL_CONVERSION = YES;
				CLANG_WARN_CONSTANT_CONVERSION = YES;
				CLANG_WARN_DIRECT_OBJC_ISA_USAGE = YES_ERROR;
				CLANG_WARN_EMPTY_BODY = YES;
				CLANG_WARN_ENUM_CONVERSION = YES;
				CLANG_WARN_INT_CONVERSION = YES;
				CLANG_WARN_OBJC_ROOT_CLASS = YES_ERROR;
				CLANG_WARN__DUPLICATE_METHOD_MATCH = YES;
				"CODE_SIGN_IDENTITY[sdk=iphoneos*]" = "iPhone Developer";
				COPY_PHASE_STRIP = YES;
				ENABLE_NS_ASSERTIONS = NO;
				GCC_C_LANGUAGE_STANDARD = gnu99;
				GCC_WARN_64_TO_32_BIT_CONVERSION = YES;
				GCC_WARN_ABOUT_RETURN_TYPE = YES_ERROR;
				GCC_WARN_UNDECLARED_SELECTOR = YES;
				GCC_WARN_UNINITIALIZED_AUTOS = YES_AGGRESSIVE;
				GCC_WARN_UNUSED_FUNCTION = YES;
				GCC_WARN_UNUSED_VARIABLE = YES;
				IPHONEOS_DEPLOYMENT_TARGET = 7.1;
				SDKROOT = iphoneos;
				VALIDATE_PRODUCT = YES;
			};
			name = Release;
		};
		9ED534A11990AB9100FE7BBC /* Debug */ = {
			isa = XCBuildConfiguration;
			buildSettings = {
				ASSETCATALOG_COMPILER_APPICON_NAME = AppIcon;
				ASSETCATALOG_COMPILER_LAUNCHIMAGE_NAME = LaunchImage;
				GCC_PRECOMPILE_PREFIX_HEADER = YES;
				GCC_PREFIX_HEADER = "anchexin/anchexin-Prefix.pch";
				INFOPLIST_FILE = "anchexin/anchexin-Info.plist";
				PRODUCT_NAME = "$(TARGET_NAME)";
				WRAPPER_EXTENSION = app;
			};
			name = Debug;
		};
		9ED534A21990AB9100FE7BBC /* Release */ = {
			isa = XCBuildConfiguration;
			buildSettings = {
				ASSETCATALOG_COMPILER_APPICON_NAME = AppIcon;
				ASSETCATALOG_COMPILER_LAUNCHIMAGE_NAME = LaunchImage;
				GCC_PRECOMPILE_PREFIX_HEADER = YES;
				GCC_PREFIX_HEADER = "anchexin/anchexin-Prefix.pch";
				INFOPLIST_FILE = "anchexin/anchexin-Info.plist";
				PRODUCT_NAME = "$(TARGET_NAME)";
				WRAPPER_EXTENSION = app;
			};
			name = Release;
		};
		9ED534A41990AB9100FE7BBC /* Debug */ = {
			isa = XCBuildConfiguration;
			buildSettings = {
				BUNDLE_LOADER = "$(BUILT_PRODUCTS_DIR)/anchexin.app/anchexin";
				FRAMEWORK_SEARCH_PATHS = (
					"$(SDKROOT)/Developer/Library/Frameworks",
					"$(inherited)",
					"$(DEVELOPER_FRAMEWORKS_DIR)",
				);
				GCC_PRECOMPILE_PREFIX_HEADER = YES;
				GCC_PREFIX_HEADER = "anchexin/anchexin-Prefix.pch";
				GCC_PREPROCESSOR_DEFINITIONS = (
					"DEBUG=1",
					"$(inherited)",
				);
				INFOPLIST_FILE = "anchexinTests/anchexinTests-Info.plist";
				PRODUCT_NAME = "$(TARGET_NAME)";
				TEST_HOST = "$(BUNDLE_LOADER)";
				WRAPPER_EXTENSION = xctest;
			};
			name = Debug;
		};
		9ED534A51990AB9100FE7BBC /* Release */ = {
			isa = XCBuildConfiguration;
			buildSettings = {
				BUNDLE_LOADER = "$(BUILT_PRODUCTS_DIR)/anchexin.app/anchexin";
				FRAMEWORK_SEARCH_PATHS = (
					"$(SDKROOT)/Developer/Library/Frameworks",
					"$(inherited)",
					"$(DEVELOPER_FRAMEWORKS_DIR)",
				);
				GCC_PRECOMPILE_PREFIX_HEADER = YES;
				GCC_PREFIX_HEADER = "anchexin/anchexin-Prefix.pch";
				INFOPLIST_FILE = "anchexinTests/anchexinTests-Info.plist";
				PRODUCT_NAME = "$(TARGET_NAME)";
				TEST_HOST = "$(BUNDLE_LOADER)";
				WRAPPER_EXTENSION = xctest;
			};
			name = Release;
		};
/* End XCBuildConfiguration section */

/* Begin XCConfigurationList section */
		9ED5346F1990AB9000FE7BBC /* Build configuration list for PBXProject "anchexin" */ = {
			isa = XCConfigurationList;
			buildConfigurations = (
				9ED5349E1990AB9100FE7BBC /* Debug */,
				9ED5349F1990AB9100FE7BBC /* Release */,
			);
			defaultConfigurationIsVisible = 0;
			defaultConfigurationName = Release;
		};
		9ED534A01990AB9100FE7BBC /* Build configuration list for PBXNativeTarget "anchexin" */ = {
			isa = XCConfigurationList;
			buildConfigurations = (
				9ED534A11990AB9100FE7BBC /* Debug */,
				9ED534A21990AB9100FE7BBC /* Release */,
			);
			defaultConfigurationIsVisible = 0;
		};
		9ED534A31990AB9100FE7BBC /* Build configuration list for PBXNativeTarget "anchexinTests" */ = {
			isa = XCConfigurationList;
			buildConfigurations = (
				9ED534A41990AB9100FE7BBC /* Debug */,
				9ED534A51990AB9100FE7BBC /* Release */,
			);
			defaultConfigurationIsVisible = 0;
		};
/* End XCConfigurationList section */
	};
	rootObject = 9ED5346C1990AB9000FE7BBC /* Project object */;
}
